
Microsoft Visual Studio Solution File, Format Version 12.00
# Visual Studio Version 16
VisualStudioVersion = 16.0.809.7
MinimumVisualStudioVersion = 10.0.40219.1
Project("{FAE04EC0-301F-11D3-BF4B-00C04F79EFBC}") = "CSharpBasic", "CSharpBasic\CSharpBasic.csproj", "{8AC7C33C-C1CA-44C6-A474-615199614361}"
EndProject
Project("{FAE04EC0-301F-11D3-BF4B-00C04F79EFBC}") = "LambdaExpression", "LambdaExpression\LambdaExpression.csproj", "{379330B9-2C4B-4AFD-A6E6-25EB6F3FFFC1}"
EndProject
Project("{FAE04EC0-301F-11D3-BF4B-00C04F79EFBC}") = "Linq", "Linq\Linq.csproj", "{4004BFEC-48B3-4860-A4DC-C3675411AA1E}"
EndProject
Global
	GlobalSection(SolutionConfigurationPlatforms) = preSolution
		Debug|anycpu = Debug|anycpu
		Release|anycpu = Release|anycpu
	EndGlobalSection
	GlobalSection(ProjectConfigurationPlatforms) = postSolution
		{8AC7C33C-C1CA-44C6-A474-615199614361}.Debug|anycpu.ActiveCfg = Debug|anycpu
		{8AC7C33C-C1CA-44C6-A474-615199614361}.Debug|anycpu.Build.0 = Debug|anycpu
		{8AC7C33C-C1CA-44C6-A474-615199614361}.Release|anycpu.ActiveCfg = Release|anycpu
		{8AC7C33C-C1CA-44C6-A474-615199614361}.Release|anycpu.Build.0 = Release|anycpu
		{379330B9-2C4B-4AFD-A6E6-25EB6F3FFFC1}.Debug|anycpu.ActiveCfg = Debug|anycpu
		{379330B9-2C4B-4AFD-A6E6-25EB6F3FFFC1}.Debug|anycpu.Build.0 = Debug|anycpu
		{379330B9-2C4B-4AFD-A6E6-25EB6F3FFFC1}.Release|anycpu.ActiveCfg = Release|anycpu
		{379330B9-2C4B-4AFD-A6E6-25EB6F3FFFC1}.Release|anycpu.Build.0 = Release|anycpu
		{4004BFEC-48B3-4860-A4DC-C3675411AA1E}.Debug|anycpu.ActiveCfg = Debug|anycpu
		{4004BFEC-48B3-4860-A4DC-C3675411AA1E}.Debug|anycpu.Build.0 = Debug|anycpu
		{4004BFEC-48B3-4860-A4DC-C3675411AA1E}.Release|anycpu.ActiveCfg = Release|anycpu
		{4004BFEC-48B3-4860-A4DC-C3675411AA1E}.Release|anycpu.Build.0 = Release|anycpu
	EndGlobalSection
	GlobalSection(SolutionProperties) = preSolution
		HideSolutionNode = FALSE
	EndGlobalSection
	GlobalSection(ExtensibilityGlobals) = postSolution
		SolutionGuid = {DB15FF8B-DFA9-4152-8CE8-DEAF3CA2C5C1}
	EndGlobalSection
EndGlobal
